
Microsoft Visual Studio Solution File, Format Version 12.00
# Visual Studio Version 16
VisualStudioVersion = 16.0.29920.165
MinimumVisualStudioVersion = 10.0.40219.1
Project("{FAE04EC0-301F-11D3-BF4B-00C04F79EFBC}") = "EksamensprojektTest", "EksamensprojektTest.csproj", "{7D878242-A6F5-4EA8-B888-E6F5AD3F9EB6}"
EndProject
Global
	GlobalSection(SolutionConfigurationPlatforms) = preSolution
		Debug|Any CPU = Debug|Any CPU
		Release|Any CPU = Release|Any CPU
	EndGlobalSection
	GlobalSection(ProjectConfigurationPlatforms) = postSolution
		{7D878242-A6F5-4EA8-B888-E6F5AD3F9EB6}.Debug|Any CPU.ActiveCfg = Debug|Any CPU
		{7D878242-A6F5-4EA8-B888-E6F5AD3F9EB6}.Debug|Any CPU.Build.0 = Debug|Any CPU
		{7D878242-A6F5-4EA8-B888-E6F5AD3F9EB6}.Release|Any CPU.ActiveCfg = Release|Any CPU
		{7D878242-A6F5-4EA8-B888-E6F5AD3F9EB6}.Release|Any CPU.Build.0 = Release|Any CPU
	EndGlobalSection
	GlobalSection(SolutionProperties) = preSolution
		HideSolutionNode = FALSE
	EndGlobalSection
	GlobalSection(ExtensibilityGlobals) = postSolution
		SolutionGuid = {536D3037-69C2-44F1-BD99-D89C71B30C06}
	EndGlobalSection
EndGlobal
